
Microsoft Visual Studio Solution File, Format Version 12.00
# Visual Studio Version 16
VisualStudioVersion = 16.0.31605.320
MinimumVisualStudioVersion = 10.0.40219.1
Project("{FAE04EC0-301F-11D3-BF4B-00C04F79EFBC}") = "Inventory.Core", "Inventory.Core\Inventory.Core.csproj", "{90277B14-124E-48A5-8BF0-58DED157ACB4}"
EndProject
Global
	GlobalSection(SolutionConfigurationPlatforms) = preSolution
		Debug|Any CPU = Debug|Any CPU
		Release|Any CPU = Release|Any CPU
	EndGlobalSection
	GlobalSection(ProjectConfigurationPlatforms) = postSolution
		{90277B14-124E-48A5-8BF0-58DED157ACB4}.Debug|Any CPU.ActiveCfg = Debug|Any CPU
		{90277B14-124E-48A5-8BF0-58DED157ACB4}.Debug|Any CPU.Build.0 = Debug|Any CPU
		{90277B14-124E-48A5-8BF0-58DED157ACB4}.Release|Any CPU.ActiveCfg = Release|Any CPU
		{90277B14-124E-48A5-8BF0-58DED157ACB4}.Release|Any CPU.Build.0 = Release|Any CPU
	EndGlobalSection
	GlobalSection(SolutionProperties) = preSolution
		HideSolutionNode = FALSE
	EndGlobalSection
	GlobalSection(ExtensibilityGlobals) = postSolution
		SolutionGuid = {0A524679-579D-4075-B41C-6A888229402A}
	EndGlobalSection
EndGlobal
